// !$*UTF8*$!
{
	archiveVersion = 1;
	classes = {
	};
	objectVersion = 50;
	objects = {

/* Begin PBXBuildFile section */
		1C6292A428C8B06E006AB0AE /* Interface.storyboard in Resources */ = {isa = PBXBuildFile; fileRef = 1C6292A228C8B06E006AB0AE /* Interface.storyboard */; };
		1C6292A628C8B06F006AB0AE /* Assets.xcassets in Resources */ = {isa = PBXBuildFile; fileRef = 1C6292A528C8B06F006AB0AE /* Assets.xcassets */; };
		1C6292AC28C8B06F006AB0AE /* AppleWatchSensors WatchKit Extension.appex in Embed App Extensions */ = {isa = PBXBuildFile; fileRef = 1C6292AB28C8B06F006AB0AE /* AppleWatchSensors WatchKit Extension.appex */; settings = {ATTRIBUTES = (RemoveHeadersOnCopy, ); }; };
		1C6292B128C8B06F006AB0AE /* InterfaceController.swift in Sources */ = {isa = PBXBuildFile; fileRef = 1C6292B028C8B06F006AB0AE /* InterfaceController.swift */; };
		1C6292B328C8B06F006AB0AE /* ExtensionDelegate.swift in Sources */ = {isa = PBXBuildFile; fileRef = 1C6292B228C8B06F006AB0AE /* ExtensionDelegate.swift */; };
		1C6292B528C8B06F006AB0AE /* ComplicationController.swift in Sources */ = {isa = PBXBuildFile; fileRef = 1C6292B428C8B06F006AB0AE /* ComplicationController.swift */; };
		1C6292B728C8B070006AB0AE /* Assets.xcassets in Resources */ = {isa = PBXBuildFile; fileRef = 1C6292B628C8B070006AB0AE /* Assets.xcassets */; };
		1C6292BB28C8B070006AB0AE /* AppleWatchSensors.app in Embed Watch Content */ = {isa = PBXBuildFile; fileRef = 1C6292A028C8B06E006AB0AE /* AppleWatchSensors.app */; settings = {ATTRIBUTES = (RemoveHeadersOnCopy, ); }; };
		D7119916257D0A6A00395189 /* AppDelegate.swift in Sources */ = {isa = PBXBuildFile; fileRef = D7119915257D0A6A00395189 /* AppDelegate.swift */; };
		D7119918257D0A6A00395189 /* SceneDelegate.swift in Sources */ = {isa = PBXBuildFile; fileRef = D7119917257D0A6A00395189 /* SceneDelegate.swift */; };
		D711991A257D0A6A00395189 /* TopViewController.swift in Sources */ = {isa = PBXBuildFile; fileRef = D7119919257D0A6A00395189 /* TopViewController.swift */; };
		D711991D257D0A6A00395189 /* Main.storyboard in Resources */ = {isa = PBXBuildFile; fileRef = D711991B257D0A6A00395189 /* Main.storyboard */; };
		D711991F257D0A6C00395189 /* Assets.xcassets in Resources */ = {isa = PBXBuildFile; fileRef = D711991E257D0A6C00395189 /* Assets.xcassets */; };
		D7119922257D0A6C00395189 /* LaunchScreen.storyboard in Resources */ = {isa = PBXBuildFile; fileRef = D7119920257D0A6C00395189 /* LaunchScreen.storyboard */; };
		D7831DA125810330001827CF /* KeyValueCell.swift in Sources */ = {isa = PBXBuildFile; fileRef = D7831D9F25810330001827CF /* KeyValueCell.swift */; };
		D7831DA225810330001827CF /* KeyValueCell.xib in Resources */ = {isa = PBXBuildFile; fileRef = D7831DA025810330001827CF /* KeyValueCell.xib */; };
		D7831DA725810733001827CF /* LocationViewController.swift in Sources */ = {isa = PBXBuildFile; fileRef = D7831DA625810733001827CF /* LocationViewController.swift */; };
		D7831DAC25810ACA001827CF /* UIView+Xib.swift in Sources */ = {isa = PBXBuildFile; fileRef = D7831DAB25810ACA001827CF /* UIView+Xib.swift */; };
		D7831DB325812B4F001827CF /* KeyValue.swift in Sources */ = {isa = PBXBuildFile; fileRef = D7831DB225812B4F001827CF /* KeyValue.swift */; };
		D7831DB725813546001827CF /* MotionViewController.swift in Sources */ = {isa = PBXBuildFile; fileRef = D7831DB625813546001827CF /* MotionViewController.swift */; };
		D7831DBA25813D64001827CF /* PedometerViewController.swift in Sources */ = {isa = PBXBuildFile; fileRef = D7831DB925813D64001827CF /* PedometerViewController.swift */; };
		D7831DBD25814219001827CF /* NSNumber+ToString.swift in Sources */ = {isa = PBXBuildFile; fileRef = D7831DBC25814219001827CF /* NSNumber+ToString.swift */; };
		D7831DC025814B09001827CF /* AltimeterViewController.swift in Sources */ = {isa = PBXBuildFile; fileRef = D7831DBF25814B09001827CF /* AltimeterViewController.swift */; };
		D7831DC325815025001827CF /* BrightnessViewController.swift in Sources */ = {isa = PBXBuildFile; fileRef = D7831DC225815025001827CF /* BrightnessViewController.swift */; };
		D7831DC6258152F0001827CF /* CGFloat+ToString.swift in Sources */ = {isa = PBXBuildFile; fileRef = D7831DC5258152F0001827CF /* CGFloat+ToString.swift */; };
		D7831DC9258156EB001827CF /* ProximityViewController.swift in Sources */ = {isa = PBXBuildFile; fileRef = D7831DC8258156EB001827CF /* ProximityViewController.swift */; };
/* End PBXBuildFile section */

/* Begin PBXContainerItemProxy section */
		1C6292AD28C8B06F006AB0AE /* PBXContainerItemProxy */ = {
			isa = PBXContainerItemProxy;
			containerPortal = D711990A257D0A6A00395189 /* Project object */;
			proxyType = 1;
			remoteGlobalIDString = 1C6292AA28C8B06F006AB0AE;
			remoteInfo = "AppleWatchSensors WatchKit Extension";
		};
		1C6292B928C8B070006AB0AE /* PBXContainerItemProxy */ = {
			isa = PBXContainerItemProxy;
			containerPortal = D711990A257D0A6A00395189 /* Project object */;
			proxyType = 1;
			remoteGlobalIDString = 1C62929F28C8B06E006AB0AE;
			remoteInfo = AppleWatchSensors;
		};
/* End PBXContainerItemProxy section */

/* Begin PBXCopyFilesBuildPhase section */
		1C6292BC28C8B070006AB0AE /* Embed Watch Content */ = {
			isa = PBXCopyFilesBuildPhase;
			buildActionMask = 2147483647;
			dstPath = "$(CONTENTS_FOLDER_PATH)/Watch";
			dstSubfolderSpec = 16;
			files = (
				1C6292BB28C8B070006AB0AE /* AppleWatchSensors.app in Embed Watch Content */,
			);
			name = "Embed Watch Content";
			runOnlyForDeploymentPostprocessing = 0;
		};
		1C6292BF28C8B070006AB0AE /* Embed App Extensions */ = {
			isa = PBXCopyFilesBuildPhase;
			buildActionMask = 2147483647;
			dstPath = "";
			dstSubfolderSpec = 13;
			files = (
				1C6292AC28C8B06F006AB0AE /* AppleWatchSensors WatchKit Extension.appex in Embed App Extensions */,
			);
			name = "Embed App Extensions";
			runOnlyForDeploymentPostprocessing = 0;
		};
/* End PBXCopyFilesBuildPhase section */

/* Begin PBXFileReference section */
		1C6292A028C8B06E006AB0AE /* AppleWatchSensors.app */ = {isa = PBXFileReference; explicitFileType = wrapper.application; includeInIndex = 0; path = AppleWatchSensors.app; sourceTree = BUILT_PRODUCTS_DIR; };
		1C6292A328C8B06E006AB0AE /* Base */ = {isa = PBXFileReference; lastKnownFileType = file.storyboard; name = Base; path = Base.lproj/Interface.storyboard; sourceTree = "<group>"; };
		1C6292A528C8B06F006AB0AE /* Assets.xcassets */ = {isa = PBXFileReference; lastKnownFileType = folder.assetcatalog; path = Assets.xcassets; sourceTree = "<group>"; };
		1C6292AB28C8B06F006AB0AE /* AppleWatchSensors WatchKit Extension.appex */ = {isa = PBXFileReference; explicitFileType = "wrapper.app-extension"; includeInIndex = 0; path = "AppleWatchSensors WatchKit Extension.appex"; sourceTree = BUILT_PRODUCTS_DIR; };
		1C6292B028C8B06F006AB0AE /* InterfaceController.swift */ = {isa = PBXFileReference; lastKnownFileType = sourcecode.swift; path = InterfaceController.swift; sourceTree = "<group>"; };
		1C6292B228C8B06F006AB0AE /* ExtensionDelegate.swift */ = {isa = PBXFileReference; lastKnownFileType = sourcecode.swift; path = ExtensionDelegate.swift; sourceTree = "<group>"; };
		1C6292B428C8B06F006AB0AE /* ComplicationController.swift */ = {isa = PBXFileReference; lastKnownFileType = sourcecode.swift; path = ComplicationController.swift; sourceTree = "<group>"; };
		1C6292B628C8B070006AB0AE /* Assets.xcassets */ = {isa = PBXFileReference; lastKnownFileType = folder.assetcatalog; path = Assets.xcassets; sourceTree = "<group>"; };
		1C6292B828C8B070006AB0AE /* Info.plist */ = {isa = PBXFileReference; lastKnownFileType = text.plist.xml; path = Info.plist; sourceTree = "<group>"; };
		D7119912257D0A6A00395189 /* iPhoneSensors.app */ = {isa = PBXFileReference; explicitFileType = wrapper.application; includeInIndex = 0; path = iPhoneSensors.app; sourceTree = BUILT_PRODUCTS_DIR; };
		D7119915257D0A6A00395189 /* AppDelegate.swift */ = {isa = PBXFileReference; lastKnownFileType = sourcecode.swift; path = AppDelegate.swift; sourceTree = "<group>"; };
		D7119917257D0A6A00395189 /* SceneDelegate.swift */ = {isa = PBXFileReference; lastKnownFileType = sourcecode.swift; path = SceneDelegate.swift; sourceTree = "<group>"; };
		D7119919257D0A6A00395189 /* TopViewController.swift */ = {isa = PBXFileReference; lastKnownFileType = sourcecode.swift; path = TopViewController.swift; sourceTree = "<group>"; };
		D711991C257D0A6A00395189 /* Base */ = {isa = PBXFileReference; lastKnownFileType = file.storyboard; name = Base; path = Base.lproj/Main.storyboard; sourceTree = "<group>"; };
		D711991E257D0A6C00395189 /* Assets.xcassets */ = {isa = PBXFileReference; lastKnownFileType = folder.assetcatalog; path = Assets.xcassets; sourceTree = "<group>"; };
		D7119921257D0A6C00395189 /* Base */ = {isa = PBXFileReference; lastKnownFileType = file.storyboard; name = Base; path = Base.lproj/LaunchScreen.storyboard; sourceTree = "<group>"; };
		D7119923257D0A6C00395189 /* Info.plist */ = {isa = PBXFileReference; lastKnownFileType = text.plist.xml; path = Info.plist; sourceTree = "<group>"; };
		D7831D9F25810330001827CF /* KeyValueCell.swift */ = {isa = PBXFileReference; lastKnownFileType = sourcecode.swift; path = KeyValueCell.swift; sourceTree = "<group>"; };
		D7831DA025810330001827CF /* KeyValueCell.xib */ = {isa = PBXFileReference; lastKnownFileType = file.xib; path = KeyValueCell.xib; sourceTree = "<group>"; };
		D7831DA625810733001827CF /* LocationViewController.swift */ = {isa = PBXFileReference; lastKnownFileType = sourcecode.swift; path = LocationViewController.swift; sourceTree = "<group>"; };
		D7831DAB25810ACA001827CF /* UIView+Xib.swift */ = {isa = PBXFileReference; lastKnownFileType = sourcecode.swift; path = "UIView+Xib.swift"; sourceTree = "<group>"; };
		D7831DB225812B4F001827CF /* KeyValue.swift */ = {isa = PBXFileReference; lastKnownFileType = sourcecode.swift; path = KeyValue.swift; sourceTree = "<group>"; };
		D7831DB625813546001827CF /* MotionViewController.swift */ = {isa = PBXFileReference; lastKnownFileType = sourcecode.swift; path = MotionViewController.swift; sourceTree = "<group>"; };
		D7831DB925813D64001827CF /* PedometerViewController.swift */ = {isa = PBXFileReference; lastKnownFileType = sourcecode.swift; path = PedometerViewController.swift; sourceTree = "<group>"; };
		D7831DBC25814219001827CF /* NSNumber+ToString.swift */ = {isa = PBXFileReference; lastKnownFileType = sourcecode.swift; path = "NSNumber+ToString.swift"; sourceTree = "<group>"; };
		D7831DBF25814B09001827CF /* AltimeterViewController.swift */ = {isa = PBXFileReference; lastKnownFileType = sourcecode.swift; path = AltimeterViewController.swift; sourceTree = "<group>"; };
		D7831DC225815025001827CF /* BrightnessViewController.swift */ = {isa = PBXFileReference; lastKnownFileType = sourcecode.swift; path = BrightnessViewController.swift; sourceTree = "<group>"; };
		D7831DC5258152F0001827CF /* CGFloat+ToString.swift */ = {isa = PBXFileReference; lastKnownFileType = sourcecode.swift; path = "CGFloat+ToString.swift"; sourceTree = "<group>"; };
		D7831DC8258156EB001827CF /* ProximityViewController.swift */ = {isa = PBXFileReference; lastKnownFileType = sourcecode.swift; path = ProximityViewController.swift; sourceTree = "<group>"; };
/* End PBXFileReference section */

/* Begin PBXFrameworksBuildPhase section */
		1C6292A828C8B06F006AB0AE /* Frameworks */ = {
			isa = PBXFrameworksBuildPhase;
			buildActionMask = 2147483647;
			files = (
			);
			runOnlyForDeploymentPostprocessing = 0;
		};
		D711990F257D0A6A00395189 /* Frameworks */ = {
			isa = PBXFrameworksBuildPhase;
			buildActionMask = 2147483647;
			files = (
			);
			runOnlyForDeploymentPostprocessing = 0;
		};
/* End PBXFrameworksBuildPhase section */

/* Begin PBXGroup section */
		1C6292A128C8B06E006AB0AE /* AppleWatchSensors */ = {
			isa = PBXGroup;
			children = (
				1C6292A228C8B06E006AB0AE /* Interface.storyboard */,
				1C6292A528C8B06F006AB0AE /* Assets.xcassets */,
			);
			path = AppleWatchSensors;
			sourceTree = "<group>";
		};
		1C6292AF28C8B06F006AB0AE /* AppleWatchSensors WatchKit Extension */ = {
			isa = PBXGroup;
			children = (
				1C6292B028C8B06F006AB0AE /* InterfaceController.swift */,
				1C6292B228C8B06F006AB0AE /* ExtensionDelegate.swift */,
				1C6292B428C8B06F006AB0AE /* ComplicationController.swift */,
				1C6292B628C8B070006AB0AE /* Assets.xcassets */,
				1C6292B828C8B070006AB0AE /* Info.plist */,
			);
			path = "AppleWatchSensors WatchKit Extension";
			sourceTree = "<group>";
		};
		D7119909257D0A6A00395189 = {
			isa = PBXGroup;
			children = (
				D7119914257D0A6A00395189 /* iPhoneSensors */,
				1C6292A128C8B06E006AB0AE /* AppleWatchSensors */,
				1C6292AF28C8B06F006AB0AE /* AppleWatchSensors WatchKit Extension */,
				D7119913257D0A6A00395189 /* Products */,
			);
			sourceTree = "<group>";
		};
		D7119913257D0A6A00395189 /* Products */ = {
			isa = PBXGroup;
			children = (
				D7119912257D0A6A00395189 /* iPhoneSensors.app */,
				1C6292A028C8B06E006AB0AE /* AppleWatchSensors.app */,
				1C6292AB28C8B06F006AB0AE /* AppleWatchSensors WatchKit Extension.appex */,
			);
			name = Products;
			sourceTree = "<group>";
		};
		D7119914257D0A6A00395189 /* iPhoneSensors */ = {
			isa = PBXGroup;
			children = (
				D7831DCC25815ACC001827CF /* Views */,
				D7831DAA25810AAD001827CF /* Extensions */,
				D7831DB025812B10001827CF /* Models */,
				D7119915257D0A6A00395189 /* AppDelegate.swift */,
				D7119917257D0A6A00395189 /* SceneDelegate.swift */,
				D711991E257D0A6C00395189 /* Assets.xcassets */,
				D7119923257D0A6C00395189 /* Info.plist */,
			);
			path = iPhoneSensors;
			sourceTree = "<group>";
		};
		D7831D942580F986001827CF /* ViewControllers */ = {
			isa = PBXGroup;
			children = (
				D7119919257D0A6A00395189 /* TopViewController.swift */,
				D7831DA625810733001827CF /* LocationViewController.swift */,
				D7831DB625813546001827CF /* MotionViewController.swift */,
				D7831DB925813D64001827CF /* PedometerViewController.swift */,
				D7831DBF25814B09001827CF /* AltimeterViewController.swift */,
				D7831DC225815025001827CF /* BrightnessViewController.swift */,
				D7831DC8258156EB001827CF /* ProximityViewController.swift */,
			);
			path = ViewControllers;
			sourceTree = "<group>";
		};
		D7831D98258100CC001827CF /* Common */ = {
			isa = PBXGroup;
			children = (
				D7831D9F25810330001827CF /* KeyValueCell.swift */,
				D7831DA025810330001827CF /* KeyValueCell.xib */,
			);
			path = Common;
			sourceTree = "<group>";
		};
		D7831DAA25810AAD001827CF /* Extensions */ = {
			isa = PBXGroup;
			children = (
				D7831DAB25810ACA001827CF /* UIView+Xib.swift */,
				D7831DBC25814219001827CF /* NSNumber+ToString.swift */,
				D7831DC5258152F0001827CF /* CGFloat+ToString.swift */,
			);
			path = Extensions;
			sourceTree = "<group>";
		};
		D7831DB025812B10001827CF /* Models */ = {
			isa = PBXGroup;
			children = (
				D7831DB125812B2B001827CF /* Entity */,
			);
			path = Models;
			sourceTree = "<group>";
		};
		D7831DB125812B2B001827CF /* Entity */ = {
			isa = PBXGroup;
			children = (
				D7831DB225812B4F001827CF /* KeyValue.swift */,
			);
			path = Entity;
			sourceTree = "<group>";
		};
		D7831DCC25815ACC001827CF /* Views */ = {
			isa = PBXGroup;
			children = (
				D711991B257D0A6A00395189 /* Main.storyboard */,
				D7119920257D0A6C00395189 /* LaunchScreen.storyboard */,
				D7831D98258100CC001827CF /* Common */,
				D7831D942580F986001827CF /* ViewControllers */,
			);
			path = Views;
			sourceTree = "<group>";
		};
/* End PBXGroup section */

/* Begin PBXNativeTarget section */
		1C62929F28C8B06E006AB0AE /* AppleWatchSensors */ = {
			isa = PBXNativeTarget;
			buildConfigurationList = 1C6292C328C8B070006AB0AE /* Build configuration list for PBXNativeTarget "AppleWatchSensors" */;
			buildPhases = (
				1C62929E28C8B06E006AB0AE /* Resources */,
				1C6292BF28C8B070006AB0AE /* Embed App Extensions */,
			);
			buildRules = (
			);
			dependencies = (
				1C6292AE28C8B06F006AB0AE /* PBXTargetDependency */,
			);
			name = AppleWatchSensors;
			productName = AppleWatchSensors;
			productReference = 1C6292A028C8B06E006AB0AE /* AppleWatchSensors.app */;
			productType = "com.apple.product-type.application.watchapp2";
		};
		1C6292AA28C8B06F006AB0AE /* AppleWatchSensors WatchKit Extension */ = {
			isa = PBXNativeTarget;
			buildConfigurationList = 1C6292C228C8B070006AB0AE /* Build configuration list for PBXNativeTarget "AppleWatchSensors WatchKit Extension" */;
			buildPhases = (
				1C6292A728C8B06F006AB0AE /* Sources */,
				1C6292A828C8B06F006AB0AE /* Frameworks */,
				1C6292A928C8B06F006AB0AE /* Resources */,
			);
			buildRules = (
			);
			dependencies = (
			);
			name = "AppleWatchSensors WatchKit Extension";
			productName = "AppleWatchSensors WatchKit Extension";
			productReference = 1C6292AB28C8B06F006AB0AE /* AppleWatchSensors WatchKit Extension.appex */;
			productType = "com.apple.product-type.watchkit2-extension";
		};
		D7119911257D0A6A00395189 /* iPhoneSensors */ = {
			isa = PBXNativeTarget;
			buildConfigurationList = D7119926257D0A6C00395189 /* Build configuration list for PBXNativeTarget "iPhoneSensors" */;
			buildPhases = (
				D711990E257D0A6A00395189 /* Sources */,
				D711990F257D0A6A00395189 /* Frameworks */,
				D7119910257D0A6A00395189 /* Resources */,
				1C6292BC28C8B070006AB0AE /* Embed Watch Content */,
			);
			buildRules = (
			);
			dependencies = (
				1C6292BA28C8B070006AB0AE /* PBXTargetDependency */,
			);
			name = iPhoneSensors;
			productName = iPhoneSensors;
			productReference = D7119912257D0A6A00395189 /* iPhoneSensors.app */;
			productType = "com.apple.product-type.application";
		};
/* End PBXNativeTarget section */

/* Begin PBXProject section */
		D711990A257D0A6A00395189 /* Project object */ = {
			isa = PBXProject;
			attributes = {
				LastSwiftUpdateCheck = 1340;
				LastUpgradeCheck = 1200;
				TargetAttributes = {
					1C62929F28C8B06E006AB0AE = {
						CreatedOnToolsVersion = 13.4.1;
					};
					1C6292AA28C8B06F006AB0AE = {
						CreatedOnToolsVersion = 13.4.1;
					};
					D7119911257D0A6A00395189 = {
						CreatedOnToolsVersion = 12.0.1;
					};
				};
			};
			buildConfigurationList = D711990D257D0A6A00395189 /* Build configuration list for PBXProject "iPhoneSensors" */;
			compatibilityVersion = "Xcode 9.3";
			developmentRegion = en;
			hasScannedForEncodings = 0;
			knownRegions = (
				en,
				Base,
			);
			mainGroup = D7119909257D0A6A00395189;
			productRefGroup = D7119913257D0A6A00395189 /* Products */;
			projectDirPath = "";
			projectRoot = "";
			targets = (
				D7119911257D0A6A00395189 /* iPhoneSensors */,
				1C62929F28C8B06E006AB0AE /* AppleWatchSensors */,
				1C6292AA28C8B06F006AB0AE /* AppleWatchSensors WatchKit Extension */,
			);
		};
/* End PBXProject section */

/* Begin PBXResourcesBuildPhase section */
		1C62929E28C8B06E006AB0AE /* Resources */ = {
			isa = PBXResourcesBuildPhase;
			buildActionMask = 2147483647;
			files = (
				1C6292A628C8B06F006AB0AE /* Assets.xcassets in Resources */,
				1C6292A428C8B06E006AB0AE /* Interface.storyboard in Resources */,
			);
			runOnlyForDeploymentPostprocessing = 0;
		};
		1C6292A928C8B06F006AB0AE /* Resources */ = {
			isa = PBXResourcesBuildPhase;
			buildActionMask = 2147483647;
			files = (
				1C6292B728C8B070006AB0AE /* Assets.xcassets in Resources */,
			);
			runOnlyForDeploymentPostprocessing = 0;
		};
		D7119910257D0A6A00395189 /* Resources */ = {
			isa = PBXResourcesBuildPhase;
			buildActionMask = 2147483647;
			files = (
				D7831DA225810330001827CF /* KeyValueCell.xib in Resources */,
				D7119922257D0A6C00395189 /* LaunchScreen.storyboard in Resources */,
				D711991F257D0A6C00395189 /* Assets.xcassets in Resources */,
				D711991D257D0A6A00395189 /* Main.storyboard in Resources */,
			);
			runOnlyForDeploymentPostprocessing = 0;
		};
/* End PBXResourcesBuildPhase section */

/* Begin PBXSourcesBuildPhase section */
		1C6292A728C8B06F006AB0AE /* Sources */ = {
			isa = PBXSourcesBuildPhase;
			buildActionMask = 2147483647;
			files = (
				1C6292B328C8B06F006AB0AE /* ExtensionDelegate.swift in Sources */,
				1C6292B128C8B06F006AB0AE /* InterfaceController.swift in Sources */,
				1C6292B528C8B06F006AB0AE /* ComplicationController.swift in Sources */,
			);
			runOnlyForDeploymentPostprocessing = 0;
		};
		D711990E257D0A6A00395189 /* Sources */ = {
			isa = PBXSourcesBuildPhase;
			buildActionMask = 2147483647;
			files = (
				D7831DC025814B09001827CF /* AltimeterViewController.swift in Sources */,
				D7831DA725810733001827CF /* LocationViewController.swift in Sources */,
				D711991A257D0A6A00395189 /* TopViewController.swift in Sources */,
				D7831DB725813546001827CF /* MotionViewController.swift in Sources */,
				D7831DBA25813D64001827CF /* PedometerViewController.swift in Sources */,
				D7831DC6258152F0001827CF /* CGFloat+ToString.swift in Sources */,
				D7119916257D0A6A00395189 /* AppDelegate.swift in Sources */,
				D7831DBD25814219001827CF /* NSNumber+ToString.swift in Sources */,
				D7831DC9258156EB001827CF /* ProximityViewController.swift in Sources */,
				D7119918257D0A6A00395189 /* SceneDelegate.swift in Sources */,
				D7831DAC25810ACA001827CF /* UIView+Xib.swift in Sources */,
				D7831DC325815025001827CF /* BrightnessViewController.swift in Sources */,
				D7831DA125810330001827CF /* KeyValueCell.swift in Sources */,
				D7831DB325812B4F001827CF /* KeyValue.swift in Sources */,
			);
			runOnlyForDeploymentPostprocessing = 0;
		};
/* End PBXSourcesBuildPhase section */

/* Begin PBXTargetDependency section */
		1C6292AE28C8B06F006AB0AE /* PBXTargetDependency */ = {
			isa = PBXTargetDependency;
			target = 1C6292AA28C8B06F006AB0AE /* AppleWatchSensors WatchKit Extension */;
			targetProxy = 1C6292AD28C8B06F006AB0AE /* PBXContainerItemProxy */;
		};
		1C6292BA28C8B070006AB0AE /* PBXTargetDependency */ = {
			isa = PBXTargetDependency;
			target = 1C62929F28C8B06E006AB0AE /* AppleWatchSensors */;
			targetProxy = 1C6292B928C8B070006AB0AE /* PBXContainerItemProxy */;
		};
/* End PBXTargetDependency section */

/* Begin PBXVariantGroup section */
		1C6292A228C8B06E006AB0AE /* Interface.storyboard */ = {
			isa = PBXVariantGroup;
			children = (
				1C6292A328C8B06E006AB0AE /* Base */,
			);
			name = Interface.storyboard;
			sourceTree = "<group>";
		};
		D711991B257D0A6A00395189 /* Main.storyboard */ = {
			isa = PBXVariantGroup;
			children = (
				D711991C257D0A6A00395189 /* Base */,
			);
			name = Main.storyboard;
			sourceTree = "<group>";
		};
		D7119920257D0A6C00395189 /* LaunchScreen.storyboard */ = {
			isa = PBXVariantGroup;
			children = (
				D7119921257D0A6C00395189 /* Base */,
			);
			name = LaunchScreen.storyboard;
			sourceTree = "<group>";
		};
/* End PBXVariantGroup section */

/* Begin XCBuildConfiguration section */
		1C6292BD28C8B070006AB0AE /* Debug */ = {
			isa = XCBuildConfiguration;
			buildSettings = {
				ALWAYS_EMBED_SWIFT_STANDARD_LIBRARIES = YES;
				ASSETCATALOG_COMPILER_APPICON_NAME = AppIcon;
				ASSETCATALOG_COMPILER_GLOBAL_ACCENT_COLOR_NAME = AccentColor;
				CLANG_CXX_LANGUAGE_STANDARD = "gnu++17";
				CODE_SIGN_STYLE = Automatic;
				CURRENT_PROJECT_VERSION = 1;
				DEVELOPMENT_TEAM = W9QV9753NK;
				GENERATE_INFOPLIST_FILE = YES;
				IBSC_MODULE = AppleWatchSensors_WatchKit_Extension;
				INFOPLIST_KEY_CFBundleDisplayName = AppleWatchSensors;
				INFOPLIST_KEY_UISupportedInterfaceOrientations = "UIInterfaceOrientationPortrait UIInterfaceOrientationPortraitUpsideDown";
				INFOPLIST_KEY_WKCompanionAppBundleIdentifier = net.rirex.iPhoneSensors;
				MARKETING_VERSION = 1.0;
				PRODUCT_BUNDLE_IDENTIFIER = net.rirex.iPhoneSensors.watchkitapp;
				PRODUCT_NAME = "$(TARGET_NAME)";
				SDKROOT = watchos;
				SKIP_INSTALL = YES;
				SWIFT_EMIT_LOC_STRINGS = YES;
				SWIFT_VERSION = 5.0;
				TARGETED_DEVICE_FAMILY = 4;
				WATCHOS_DEPLOYMENT_TARGET = 8.5;
			};
			name = Debug;
		};
		1C6292BE28C8B070006AB0AE /* Release */ = {
			isa = XCBuildConfiguration;
			buildSettings = {
				ALWAYS_EMBED_SWIFT_STANDARD_LIBRARIES = YES;
				ASSETCATALOG_COMPILER_APPICON_NAME = AppIcon;
				ASSETCATALOG_COMPILER_GLOBAL_ACCENT_COLOR_NAME = AccentColor;
				CLANG_CXX_LANGUAGE_STANDARD = "gnu++17";
				CODE_SIGN_STYLE = Automatic;
				CURRENT_PROJECT_VERSION = 1;
				DEVELOPMENT_TEAM = W9QV9753NK;
				GENERATE_INFOPLIST_FILE = YES;
				IBSC_MODULE = AppleWatchSensors_WatchKit_Extension;
				INFOPLIST_KEY_CFBundleDisplayName = AppleWatchSensors;
				INFOPLIST_KEY_UISupportedInterfaceOrientations = "UIInterfaceOrientationPortrait UIInterfaceOrientationPortraitUpsideDown";
				INFOPLIST_KEY_WKCompanionAppBundleIdentifier = net.rirex.iPhoneSensors;
				MARKETING_VERSION = 1.0;
				PRODUCT_BUNDLE_IDENTIFIER = net.rirex.iPhoneSensors.watchkitapp;
				PRODUCT_NAME = "$(TARGET_NAME)";
				SDKROOT = watchos;
				SKIP_INSTALL = YES;
				SWIFT_EMIT_LOC_STRINGS = YES;
				SWIFT_VERSION = 5.0;
				TARGETED_DEVICE_FAMILY = 4;
				WATCHOS_DEPLOYMENT_TARGET = 8.5;
			};
			name = Release;
		};
		1C6292C028C8B070006AB0AE /* Debug */ = {
			isa = XCBuildConfiguration;
			buildSettings = {
				ASSETCATALOG_COMPILER_COMPLICATION_NAME = Complication;
				CLANG_CXX_LANGUAGE_STANDARD = "gnu++17";
				CODE_SIGN_STYLE = Automatic;
				CURRENT_PROJECT_VERSION = 1;
				DEVELOPMENT_TEAM = W9QV9753NK;
				GENERATE_INFOPLIST_FILE = YES;
				INFOPLIST_FILE = "AppleWatchSensors WatchKit Extension/Info.plist";
				INFOPLIST_KEY_CFBundleDisplayName = "AppleWatchSensors WatchKit Extension";
				INFOPLIST_KEY_CLKComplicationPrincipalClass = "$(PRODUCT_MODULE_NAME).ComplicationController";
				INFOPLIST_KEY_NSHumanReadableCopyright = "";
				INFOPLIST_KEY_WKExtensionDelegateClassName = "$(PRODUCT_MODULE_NAME).ExtensionDelegate";
				LD_RUNPATH_SEARCH_PATHS = (
					"$(inherited)",
					"@executable_path/Frameworks",
					"@executable_path/../../Frameworks",
				);
				MARKETING_VERSION = 1.0;
				PRODUCT_BUNDLE_IDENTIFIER = net.rirex.iPhoneSensors.watchkitapp.watchkitextension;
				PRODUCT_NAME = "${TARGET_NAME}";
				SDKROOT = watchos;
				SKIP_INSTALL = YES;
				SWIFT_EMIT_LOC_STRINGS = YES;
				SWIFT_VERSION = 5.0;
				TARGETED_DEVICE_FAMILY = 4;
				WATCHOS_DEPLOYMENT_TARGET = 8.5;
			};
			name = Debug;
		};
		1C6292C128C8B070006AB0AE /* Release */ = {
			isa = XCBuildConfiguration;
			buildSettings = {
				ASSETCATALOG_COMPILER_COMPLICATION_NAME = Complication;
				CLANG_CXX_LANGUAGE_STANDARD = "gnu++17";
				CODE_SIGN_STYLE = Automatic;
				CURRENT_PROJECT_VERSION = 1;
				DEVELOPMENT_TEAM = W9QV9753NK;
				GENERATE_INFOPLIST_FILE = YES;
				INFOPLIST_FILE = "AppleWatchSensors WatchKit Extension/Info.plist";
				INFOPLIST_KEY_CFBundleDisplayName = "AppleWatchSensors WatchKit Extension";
				INFOPLIST_KEY_CLKComplicationPrincipalClass = "$(PRODUCT_MODULE_NAME).ComplicationController";
				INFOPLIST_KEY_NSHumanReadableCopyright = "";
				INFOPLIST_KEY_WKExtensionDelegateClassName = "$(PRODUCT_MODULE_NAME).ExtensionDelegate";
				LD_RUNPATH_SEARCH_PATHS = (
					"$(inherited)",
					"@executable_path/Frameworks",
					"@executable_path/../../Frameworks",
				);
				MARKETING_VERSION = 1.0;
				PRODUCT_BUNDLE_IDENTIFIER = net.rirex.iPhoneSensors.watchkitapp.watchkitextension;
				PRODUCT_NAME = "${TARGET_NAME}";
				SDKROOT = watchos;
				SKIP_INSTALL = YES;
				SWIFT_EMIT_LOC_STRINGS = YES;
				SWIFT_VERSION = 5.0;
				TARGETED_DEVICE_FAMILY = 4;
				WATCHOS_DEPLOYMENT_TARGET = 8.5;
			};
			name = Release;
		};
		D7119924257D0A6C00395189 /* Debug */ = {
			isa = XCBuildConfiguration;
			buildSettings = {
				ALWAYS_SEARCH_USER_PATHS = NO;
				CLANG_ANALYZER_NONNULL = YES;
				CLANG_ANALYZER_NUMBER_OBJECT_CONVERSION = YES_AGGRESSIVE;
				CLANG_CXX_LANGUAGE_STANDARD = "gnu++14";
				CLANG_CXX_LIBRARY = "libc++";
				CLANG_ENABLE_MODULES = YES;
				CLANG_ENABLE_OBJC_ARC = YES;
				CLANG_ENABLE_OBJC_WEAK = YES;
				CLANG_WARN_BLOCK_CAPTURE_AUTORELEASING = YES;
				CLANG_WARN_BOOL_CONVERSION = YES;
				CLANG_WARN_COMMA = YES;
				CLANG_WARN_CONSTANT_CONVERSION = YES;
				CLANG_WARN_DEPRECATED_OBJC_IMPLEMENTATIONS = YES;
				CLANG_WARN_DIRECT_OBJC_ISA_USAGE = YES_ERROR;
				CLANG_WARN_DOCUMENTATION_COMMENTS = YES;
				CLANG_WARN_EMPTY_BODY = YES;
				CLANG_WARN_ENUM_CONVERSION = YES;
				CLANG_WARN_INFINITE_RECURSION = YES;
				CLANG_WARN_INT_CONVERSION = YES;
				CLANG_WARN_NON_LITERAL_NULL_CONVERSION = YES;
				CLANG_WARN_OBJC_IMPLICIT_RETAIN_SELF = YES;
				CLANG_WARN_OBJC_LITERAL_CONVERSION = YES;
				CLANG_WARN_OBJC_ROOT_CLASS = YES_ERROR;
				CLANG_WARN_QUOTED_INCLUDE_IN_FRAMEWORK_HEADER = YES;
				CLANG_WARN_RANGE_LOOP_ANALYSIS = YES;
				CLANG_WARN_STRICT_PROTOTYPES = YES;
				CLANG_WARN_SUSPICIOUS_MOVE = YES;
				CLANG_WARN_UNGUARDED_AVAILABILITY = YES_AGGRESSIVE;
				CLANG_WARN_UNREACHABLE_CODE = YES;
				CLANG_WARN__DUPLICATE_METHOD_MATCH = YES;
				COPY_PHASE_STRIP = NO;
				DEBUG_INFORMATION_FORMAT = dwarf;
				ENABLE_STRICT_OBJC_MSGSEND = YES;
				ENABLE_TESTABILITY = YES;
				GCC_C_LANGUAGE_STANDARD = gnu11;
				GCC_DYNAMIC_NO_PIC = NO;
				GCC_NO_COMMON_BLOCKS = YES;
				GCC_OPTIMIZATION_LEVEL = 0;
				GCC_PREPROCESSOR_DEFINITIONS = (
					"DEBUG=1",
					"$(inherited)",
				);
				GCC_WARN_64_TO_32_BIT_CONVERSION = YES;
				GCC_WARN_ABOUT_RETURN_TYPE = YES_ERROR;
				GCC_WARN_UNDECLARED_SELECTOR = YES;
				GCC_WARN_UNINITIALIZED_AUTOS = YES_AGGRESSIVE;
				GCC_WARN_UNUSED_FUNCTION = YES;
				GCC_WARN_UNUSED_VARIABLE = YES;
				IPHONEOS_DEPLOYMENT_TARGET = 14.0;
				MTL_ENABLE_DEBUG_INFO = INCLUDE_SOURCE;
				MTL_FAST_MATH = YES;
				ONLY_ACTIVE_ARCH = YES;
				SDKROOT = iphoneos;
				SWIFT_ACTIVE_COMPILATION_CONDITIONS = DEBUG;
				SWIFT_OPTIMIZATION_LEVEL = "-Onone";
			};
			name = Debug;
		};
		D7119925257D0A6C00395189 /* Release */ = {
			isa = XCBuildConfiguration;
			buildSettings = {
				ALWAYS_SEARCH_USER_PATHS = NO;
				CLANG_ANALYZER_NONNULL = YES;
				CLANG_ANALYZER_NUMBER_OBJECT_CONVERSION = YES_AGGRESSIVE;
				CLANG_CXX_LANGUAGE_STANDARD = "gnu++14";
				CLANG_CXX_LIBRARY = "libc++";
				CLANG_ENABLE_MODULES = YES;
				CLANG_ENABLE_OBJC_ARC = YES;
				CLANG_ENABLE_OBJC_WEAK = YES;
				CLANG_WARN_BLOCK_CAPTURE_AUTORELEASING = YES;
				CLANG_WARN_BOOL_CONVERSION = YES;
				CLANG_WARN_COMMA = YES;
				CLANG_WARN_CONSTANT_CONVERSION = YES;
				CLANG_WARN_DEPRECATED_OBJC_IMPLEMENTATIONS = YES;
				CLANG_WARN_DIRECT_OBJC_ISA_USAGE = YES_ERROR;
				CLANG_WARN_DOCUMENTATION_COMMENTS = YES;
				CLANG_WARN_EMPTY_BODY = YES;
				CLANG_WARN_ENUM_CONVERSION = YES;
				CLANG_WARN_INFINITE_RECURSION = YES;
				CLANG_WARN_INT_CONVERSION = YES;
				CLANG_WARN_NON_LITERAL_NULL_CONVERSION = YES;
				CLANG_WARN_OBJC_IMPLICIT_RETAIN_SELF = YES;
				CLANG_WARN_OBJC_LITERAL_CONVERSION = YES;
				CLANG_WARN_OBJC_ROOT_CLASS = YES_ERROR;
				CLANG_WARN_QUOTED_INCLUDE_IN_FRAMEWORK_HEADER = YES;
				CLANG_WARN_RANGE_LOOP_ANALYSIS = YES;
				CLANG_WARN_STRICT_PROTOTYPES = YES;
				CLANG_WARN_SUSPICIOUS_MOVE = YES;
				CLANG_WARN_UNGUARDED_AVAILABILITY = YES_AGGRESSIVE;
				CLANG_WARN_UNREACHABLE_CODE = YES;
				CLANG_WARN__DUPLICATE_METHOD_MATCH = YES;
				COPY_PHASE_STRIP = NO;
				DEBUG_INFORMATION_FORMAT = "dwarf-with-dsym";
				ENABLE_NS_ASSERTIONS = NO;
				ENABLE_STRICT_OBJC_MSGSEND = YES;
				GCC_C_LANGUAGE_STANDARD = gnu11;
				GCC_NO_COMMON_BLOCKS = YES;
				GCC_WARN_64_TO_32_BIT_CONVERSION = YES;
				GCC_WARN_ABOUT_RETURN_TYPE = YES_ERROR;
				GCC_WARN_UNDECLARED_SELECTOR = YES;
				GCC_WARN_UNINITIALIZED_AUTOS = YES_AGGRESSIVE;
				GCC_WARN_UNUSED_FUNCTION = YES;
				GCC_WARN_UNUSED_VARIABLE = YES;
				IPHONEOS_DEPLOYMENT_TARGET = 14.0;
				MTL_ENABLE_DEBUG_INFO = NO;
				MTL_FAST_MATH = YES;
				SDKROOT = iphoneos;
				SWIFT_COMPILATION_MODE = wholemodule;
				SWIFT_OPTIMIZATION_LEVEL = "-O";
				VALIDATE_PRODUCT = YES;
			};
			name = Release;
		};
		D7119927257D0A6C00395189 /* Debug */ = {
			isa = XCBuildConfiguration;
			buildSettings = {
				ASSETCATALOG_COMPILER_APPICON_NAME = AppIcon;
				ASSETCATALOG_COMPILER_GLOBAL_ACCENT_COLOR_NAME = AccentColor;
				CODE_SIGN_STYLE = Automatic;
				DEVELOPMENT_TEAM = W9QV9753NK;
				INFOPLIST_FILE = iPhoneSensors/Info.plist;
				LD_RUNPATH_SEARCH_PATHS = (
					"$(inherited)",
					"@executable_path/Frameworks",
				);
				PRODUCT_BUNDLE_IDENTIFIER = net.rirex.iPhoneSensors;
				PRODUCT_NAME = "$(TARGET_NAME)";
				SWIFT_VERSION = 5.0;
				TARGETED_DEVICE_FAMILY = "1,2";
			};
			name = Debug;
		};
		D7119928257D0A6C00395189 /* Release */ = {
			isa = XCBuildConfiguration;
			buildSettings = {
				ASSETCATALOG_COMPILER_APPICON_NAME = AppIcon;
				ASSETCATALOG_COMPILER_GLOBAL_ACCENT_COLOR_NAME = AccentColor;
				CODE_SIGN_STYLE = Automatic;
				DEVELOPMENT_TEAM = W9QV9753NK;
				INFOPLIST_FILE = iPhoneSensors/Info.plist;
				LD_RUNPATH_SEARCH_PATHS = (
					"$(inherited)",
					"@executable_path/Frameworks",
				);
				PRODUCT_BUNDLE_IDENTIFIER = net.rirex.iPhoneSensors;
				PRODUCT_NAME = "$(TARGET_NAME)";
				SWIFT_VERSION = 5.0;
				TARGETED_DEVICE_FAMILY = "1,2";
			};
			name = Release;
		};
/* End XCBuildConfiguration section */

/* Begin XCConfigurationList section */
		1C6292C228C8B070006AB0AE /* Build configuration list for PBXNativeTarget "AppleWatchSensors WatchKit Extension" */ = {
			isa = XCConfigurationList;
			buildConfigurations = (
				1C6292C028C8B070006AB0AE /* Debug */,
				1C6292C128C8B070006AB0AE /* Release */,
			);
			defaultConfigurationIsVisible = 0;
			defaultConfigurationName = Release;
		};
		1C6292C328C8B070006AB0AE /* Build configuration list for PBXNativeTarget "AppleWatchSensors" */ = {
			isa = XCConfigurationList;
			buildConfigurations = (
				1C6292BD28C8B070006AB0AE /* Debug */,
				1C6292BE28C8B070006AB0AE /* Release */,
			);
			defaultConfigurationIsVisible = 0;
			defaultConfigurationName = Release;
		};
		D711990D257D0A6A00395189 /* Build configuration list for PBXProject "iPhoneSensors" */ = {
			isa = XCConfigurationList;
			buildConfigurations = (
				D7119924257D0A6C00395189 /* Debug */,
				D7119925257D0A6C00395189 /* Release */,
			);
			defaultConfigurationIsVisible = 0;
			defaultConfigurationName = Release;
		};
		D7119926257D0A6C00395189 /* Build configuration list for PBXNativeTarget "iPhoneSensors" */ = {
			isa = XCConfigurationList;
			buildConfigurations = (
				D7119927257D0A6C00395189 /* Debug */,
				D7119928257D0A6C00395189 /* Release */,
			);
			defaultConfigurationIsVisible = 0;
			defaultConfigurationName = Release;
		};
/* End XCConfigurationList section */
	};
	rootObject = D711990A257D0A6A00395189 /* Project object */;
}
